[entries]
adalberti = 4097
agathae = 4098
agnetis = 4099
alberti_magni = 4100
alfonsi_mariae_de_liguori = 4101
aloisii_gonzaga = 4102
ambrosii = 4103
andreae = 4104
andreae_dung_lac_et_sociorum = 4105
andreae_kim_taegon_et_pauli_chong_et_sociorum = 4106
angelae_merici = 4107
angelorum_custodum = 4108
anselmi = 4109
ansgarii = 4110
antonii = 4111
antonii_de_padova = 4112
antonii_mariae_claret = 4113
antonii_mariae_zaccaria = 4114
apollinaris = 4115
athanasii = 4116
augustini = 4117
augustini_cantuariensis = 4118
augustini_zhao_rong_et_sociorum = 4119
barnabae = 4120
bartholomaei = 4121
basilii_magni_et_gregorii_nazianzeni = 4122
beatae_mariae_virginis_a_rosario = 4123
beatae_mariae_virginis_de_fatima = 4124
beatae_mariae_virginis_de_guadalupe = 4125
beatae_mariae_virginis_de_loreto = 4126
beatae_mariae_virginis_de_lourdes = 4127
beatae_mariae_virginis_de_monte_carmelo = 4128
beatae_mariae_virginis_ecclesiae_matris = 2
beatae_mariae_virginis_perdolentis = 4129
beatae_mariae_virginis_reginae = 4130
bedae_venerabilis = 4131
benedicti = 4132
bernardi = 4133
bernardini_senensis = 4134
birgittae = 4135
blasii = 4136
bonaventurae = 4137
bonifatii = 4138
brunonis = 4139
caeciliae = 4140
caietani = 4141
callisti_i = 4142
camilli_de_lellis = 4143
caroli_borromeo = 4144
caroli_lwanga_et_sociorum = 4145
casimiri = 4146
catharinae_alexandrinae = 4147
catharinae_senensis = 4148
cathedrae_petri_apostoli = 4149
christophori_magallanes_et_sociorum = 4150
clarae = 4151
clementis_i = 4152
columbani = 4153
cornelii_et_cypriani = 4154
cosmae_et_damiani = 4155
cyrilli_alexandrini = 4156
cyrilli_et_methodii = 4157
cyrilli_hierosolymitani = 4158
damasi_i = 4159
dionysii_et_sociorum = 4160
domini_nostri_iesu_christi_universorum_regis = 12289
dominica_i_adventus = 12290
dominica_i_quadragesimae = 12291
dominica_ii_adventus = 12292
dominica_ii_paschae = 3
dominica_ii_per_annum = 4
dominica_ii_post_nativitatem = 5
dominica_ii_quadragesimae = 6
dominica_iii_adventus = 12293
dominica_iii_paschae = 7
dominica_iii_per_annum = 8
dominica_iii_quadragesimae = 9
dominica_in_palmis_de_passione_domini = 10
dominica_iv_adventus = 12294
dominica_iv_paschae = 11
dominica_iv_per_annum = 12
dominica_iv_quadragesimae = 13
dominica_ix_per_annum = 14
dominica_pentecostes = 15
dominica_resurrectionis = 16
dominica_v_paschae = 17
dominica_v_per_annum = 18
dominica_v_quadragesimae = 19
dominica_vi_paschae = 20
dominica_vi_per_annum = 21
dominica_vii_paschae = 22
dominica_vii_per_annum = 23
dominica_viii_per_annum = 24
dominica_x_per_annum = 25
dominica_xi_per_annum = 26
dominica_xii_per_annum = 27
dominica_xiii_per_annum = 28
dominica_xiv_per_annum = 29
dominica_xix_per_annum = 30
dominica_xv_per_annum = 31
dominica_xvi_per_annum = 32
dominica_xvii_per_annum = 33
dominica_xviii_per_annum = 34
dominica_xx_per_annum = 35
dominica_xxi_per_annum = 36
dominica_xxii_per_annum = 37
dominica_xxiii_per_annum = 38
dominica_xxiv_per_annum = 39
dominica_xxix_per_annum = 40
dominica_xxv_per_annum = 41
dominica_xxvi_per_annum = 42
dominica_xxvii_per_annum = 43
dominica_xxviii_per_annum = 44
dominica_xxx_per_annum = 45
dominica_xxxi_per_annum = 46
dominica_xxxii_per_annum = 47
dominica_xxxiii_per_annum = 48
dominica_xxxiv_per_annum = 49
dominici = 4161
elisabeth_hungariae = 4162
elisabeth_lusitaniae = 4163
ephraem = 4164
eusebii_vercellensis = 4165
fabiani = 4166
faustinae_mariae_kowalska = 4167
feria_ii_hebdomadae_sanctae = 50
feria_ii_infra_octavam_paschae = 51
feria_iii_hebdomadae_sanctae = 52
feria_iii_infra_octavam_paschae = 53
feria_iv_cinerum = 54
feria_iv_hebdomadae_sanctae = 55
feria_iv_infra_octavam_paschae = 56
feria_v_hebdomadae_sanctae = 57
feria_v_infra_octavam_paschae = 58
feria_vi_hebdomadae_sanctae = 59
feria_vi_infra_octavam_paschae = 60
fidelis_de_sigmaringen = 4168
franciscae_romanae = 4169
francisci_assisiensis = 4170
francisci_de_paola = 4171
francisci_de_sales = 4172
francisci_xavier = 4173
georgii = 4174
gertrudis = 4175
gregorii_magni = 4176
gregorii_narecensis = 4177
gregorii_vii = 4178
hedvigis = 4179
henrici = 4180
hieronymi = 4181
hieronymi_emiliani = 4182
hilarii = 4183
hildegardis_bingensis = 4184
iacobi = 4185
ianuarii = 4186
ignatii_antiocheni = 4187
ignatii_de_loyola = 4188
immaculati_cordis_beatae_mariae_virginis = 61
in_annuntiatione_domini = 4189
in_ascensione_domini = 62
in_assumptione_beatae_mariae_virginis = 4190
in_baptismate_domini = 63
in_commemoratione_omnium_fidelium_defunctorum = 4191
in_conceptione_immaculata_beatae_mariae_virginis = 4192
in_conversione_pauli = 4193
in_dedicatione_basilicae_lateranensis = 4194
in_dedicatione_basilicae_sanctae_mariae = 4195
in_dedicatione_basilicarum_sanctorum_petri_et_pauli_apostolorum = 4196
in_epiphania_domini = 64
in_exaltatione_sanctae_crucis = 4197
in_nativitate_beatae_mariae_virginis = 4198
in_nativitate_domini = 4199
in_nativitate_ioannis_baptistae = 4200
in_passione_ioannis_baptistae = 4201
in_praesentatione_beatae_mariae_virginis = 4202
in_praesentatione_domini = 4203
in_transfiguratione_domini = 4204
in_visitatione_beatae_mariae_virginis = 4205
innocentium = 4206
ioachim_et_annae = 4207
ioannae_franciscae_de_chantal = 4208
ioannis = 4209
ioannis_a_cruce = 4210
ioannis_a_deo = 4211
ioannis_baptistae_de_la_salle = 4212
ioannis_bosco = 4213
ioannis_chrysostomi = 4214
ioannis_damasceni = 4215
ioannis_de_avila = 4216
ioannis_de_brebeuf_et_isaac_jogues_et_sociorum = 4217
ioannis_de_capestrano = 4218
ioannis_de_kety = 4219
ioannis_didaci_cuauhtlatoatzin = 4220
ioannis_eudes = 4221
ioannis_fisher_et_thomae_mori = 4222
ioannis_henrici_newman = 4320
ioannis_i = 4223
ioannis_leonardi = 4224
ioannis_mariae_vianney = 4225
ioannis_pauli_ii = 4226
ioannis_xxiii = 4227
iosaphat = 4228
ioseph_opificis = 4229
ioseph_sponsi_beatae_mariae_virginis = 4230
iosephi_de_calasanz = 4231
iosephinae_bakhitae = 4232
irenaei = 4233
isidori = 4234
iustini = 4235
laurentii = 4236
laurentii_de_brindisi = 4237
laurentii_ruiz_et_sociorum = 4238
leonis_magni = 4239
lucae = 4240
luciae = 4241
ludovici = 4242
ludovici_mariae_grignion_de_montfort = 4243
marcellini_et_petri = 4244
marci = 4245
margaritae_mariae_alacoque = 4246
margaritae_scotiae = 4247
mariae_goretti = 4248
mariae_magdalenae = 4249
mariae_magdalenae_de_pazzi = 4250
marthae_mariae_et_lazari = 4251
martini_de_porres = 4252
martini_i = 4253
martini_turonensis = 4254
matthaei = 4255
matthiae = 4256
maximiliani_mariae_kolbe = 4257
michaelis_gabrielis_et_raphaelis = 4258
monicae = 4259
nerei_et_achillei = 4260
nicolai = 4261
norberti = 4262
omnium_sanctorum = 4263
pancratii = 4264
patricii = 4265
pauli_a_cruce = 4266
pauli_miki_et_sociorum = 4267
pauli_vi = 4268
paulini_nolani = 4269
perpetuae_et_felicitatis = 4270
petri_canisii = 4271
petri_chanel = 4272
petri_chrysologi = 4273
petri_claver = 4274
petri_damiani = 4275
petri_et_pauli = 4276
petri_iuliani_eymard = 4277
philippi_et_iacobi = 4278
philippi_neri = 4279
pii_de_petrelcina = 4280
pii_v = 4281
pii_x = 4282
polycarpi = 4283
pontiani_et_hippolyti = 4284
protomartyrum_sanctae_romanae_ecclesiae = 4285
raimundi_de_penyafort = 4286
ritae_de_cascia = 4287
roberti_bellarmino = 4288
romualdi = 4289
rosae_de_lima = 4290
sabbato_infra_octavam_paschae = 65
sabbato_sancto = 66
sacratissimi_cordis_iesu = 4291
sanctae_dei_genetricis_mariae = 4292
sanctae_familiae_iesu_mariae_et_ioseph = 12295
sanctissimae_trinitatis = 4293
sanctissimi_corporis_et_sanguinis_christi = 4294
sanctissimi_nominis_iesu = 4295
sanctissimi_nominis_mariae = 4296
sarbelii_makhluf = 4297
scholasticae = 4298
sebastiani = 4299
septem_fundatorum_ordinis_servorum_beatae_mariae_virginis = 4300
silvestri_i = 4301
simonis_et_iudae = 4302
stanislai = 4303
stephani = 4304
stephani_hungariae = 4305
teresiae_a_iesu = 4306
teresiae_a_iesu_infante = 4307
teresiae_benedictae_a_cruce = 4308
teresiae_de_calcutta = 4309
thomae = 4310
thomae_becket = 4311
thomae_de_aquino = 4312
timothei_et_titi = 4313
turibii_de_mogrovejo = 4314
venceslai = 4315
vincentii = 4316
vincentii_de_paul = 4317
vincentii_ferrer = 4318
xysti_ii_et_sociorum = 4319

[tombstones]
benedicti_iosephi_labre = 28686
catherinae_laboure = 28687
cesarii_arelatensis = 28688
clotildis = 28689
domina_nostra_de_la_salette = 28690
genofevae = 28691
germanae_cousin = 28692
ioannae_arcensis = 20482
ioannis_francisci_regis = 28693
mariae_bernardae_soubirous = 28694
mariae_magdalenae_postel = 28695
pothini_et_sociorum = 28696
remigii = 28697
"romanus/continentalia/europae" = 1
"romanus/nationalia/FR" = 68
"romanus/universale" = 69
yvonis = 28698
