[entries]
adalberti = 4097
agathae = 4098
agnetis = 4099
alberti_magni = 4100
alfonsi_mariae_de_liguori = 4101
aloisii_gonzaga = 4102
ambrosii = 4103
andreae = 4104
andreae_dung_lac_et_sociorum = 4105
andreae_kim_taegon_et_pauli_chong_et_sociorum = 4106
angelae_merici = 4107
angelorum_custodum = 4108
anselmi = 4109
ansgarii = 4110
antonii = 4111
antonii_de_padova = 4112
antonii_mariae_claret = 4113
antonii_mariae_zaccaria = 4114
apollinaris = 4115
athanasii = 4116
augustini = 4117
augustini_cantuariensis = 4118
augustini_zhao_rong_et_sociorum = 4119
barnabae = 4120
bartholomaei = 4121
basilii_magni_et_gregorii_nazianzeni = 4122
beatae_mariae_virginis_a_rosario = 4123
beatae_mariae_virginis_de_fatima = 4124
beatae_mariae_virginis_de_guadalupe = 4125
beatae_mariae_virginis_de_loreto = 4126
beatae_mariae_virginis_de_lourdes = 4127
beatae_mariae_virginis_de_monte_carmelo = 4128
beatae_mariae_virginis_ecclesiae_matris = 2
beatae_mariae_virginis_perdolentis = 4129
beatae_mariae_virginis_reginae = 4130
bedae_venerabilis = 4131
benedicti = 4132
bernardi = 4133
bernardini_senensis = 4134
birgittae = 4135
blasii = 4136
bonaventurae = 4137
bonifatii = 4138
brunonis = 4139
caeciliae = 4140
caietani = 4141
callisti_i = 4142
camilli_de_lellis = 4143
caroli_borromeo = 4144
caroli_lwanga_et_sociorum = 4145
casimiri = 4146
catharinae_alexandrinae = 4147
catharinae_senensis = 4148
cathedrae_petri_apostoli = 4149
christophori_magallanes_et_sociorum = 4150
clarae = 4151
clementis_i = 4152
columbani = 4153
cornelii_et_cypriani = 4154
cosmae_et_damiani = 4155
cyrilli_alexandrini = 4156
cyrilli_et_methodii = 4157
cyrilli_hierosolymitani = 4158
damasi_i = 4159
dionysii_et_sociorum = 4160
domini_nostri_iesu_christi_universorum_regis = 12289
dominica_i_adventus = 12290
dominica_i_quadragesimae = 3
dominica_ii_adventus = 12291
dominica_ii_paschae = 4
dominica_ii_per_annum = 5
dominica_ii_post_nativitatem = 6
dominica_ii_quadragesimae = 7
dominica_iii_adventus = 12292
dominica_iii_paschae = 8
dominica_iii_per_annum = 9
dominica_iii_quadragesimae = 10
dominica_in_palmis_de_passione_domini = 11
dominica_iv_adventus = 12293
dominica_iv_paschae = 12
dominica_iv_per_annum = 13
dominica_iv_quadragesimae = 14
dominica_ix_per_annum = 15
dominica_pentecostes = 16
dominica_resurrectionis = 17
dominica_v_paschae = 18
dominica_v_per_annum = 19
dominica_v_quadragesimae = 20
dominica_vi_paschae = 21
dominica_vi_per_annum = 22
dominica_vii_paschae = 23
dominica_vii_per_annum = 24
dominica_viii_per_annum = 25
dominica_x_per_annum = 26
dominica_xi_per_annum = 27
dominica_xii_per_annum = 28
dominica_xiii_per_annum = 29
dominica_xiv_per_annum = 30
dominica_xix_per_annum = 31
dominica_xv_per_annum = 32
dominica_xvi_per_annum = 33
dominica_xvii_per_annum = 34
dominica_xviii_per_annum = 35
dominica_xx_per_annum = 36
dominica_xxi_per_annum = 37
dominica_xxii_per_annum = 38
dominica_xxiii_per_annum = 39
dominica_xxiv_per_annum = 40
dominica_xxix_per_annum = 41
dominica_xxv_per_annum = 42
dominica_xxvi_per_annum = 43
dominica_xxvii_per_annum = 44
dominica_xxviii_per_annum = 45
dominica_xxx_per_annum = 46
dominica_xxxi_per_annum = 47
dominica_xxxii_per_annum = 48
dominica_xxxiii_per_annum = 49
dominica_xxxiv_per_annum = 50
dominici = 4161
elisabeth_hungariae = 4162
elisabeth_lusitaniae = 4163
ephraem = 4164
eusebii_vercellensis = 4165
fabiani = 4166
faustinae_mariae_kowalska = 4167
feria_ii_hebdomadae_sanctae = 51
feria_ii_infra_octavam_paschae = 52
feria_iii_hebdomadae_sanctae = 53
feria_iii_infra_octavam_paschae = 54
feria_iv_cinerum = 55
feria_iv_hebdomadae_sanctae = 56
feria_iv_infra_octavam_paschae = 57
feria_v_hebdomadae_sanctae = 58
feria_v_infra_octavam_paschae = 59
feria_vi_hebdomadae_sanctae = 60
feria_vi_infra_octavam_paschae = 61
fidelis_de_sigmaringen = 4168
franciscae_romanae = 4169
francisci_assisiensis = 4170
francisci_de_paola = 4171
francisci_de_sales = 4172
francisci_xavier = 4173
georgii = 4174
gertrudis = 4175
gregorii_magni = 4176
gregorii_narecensis = 4177
gregorii_vii = 4178
hedvigis = 4179
henrici = 4180
hieronymi = 4181
hieronymi_emiliani = 4182
hilarii = 4183
hildegardis_bingensis = 4184
iacobi = 4185
ianuarii = 4186
ignatii_antiocheni = 4187
ignatii_de_loyola = 4188
immaculati_cordis_beatae_mariae_virginis = 62
in_annuntiatione_domini = 4189
in_ascensione_domini = 63
in_assumptione_beatae_mariae_virginis = 4190
in_baptismate_domini = 64
in_commemoratione_omnium_fidelium_defunctorum = 4191
in_conceptione_immaculata_beatae_mariae_virginis = 4192
in_conversione_pauli = 4193
in_dedicatione_basilicae_lateranensis = 4194
in_dedicatione_basilicae_sanctae_mariae = 4195
in_dedicatione_basilicarum_sanctorum_petri_et_pauli_apostolorum = 4196
in_epiphania_domini = 65
in_exaltatione_sanctae_crucis = 4197
in_nativitate_beatae_mariae_virginis = 4198
in_nativitate_domini = 4199
in_nativitate_ioannis_baptistae = 4200
in_passione_ioannis_baptistae = 4201
in_praesentatione_beatae_mariae_virginis = 4202
in_praesentatione_domini = 4203
in_transfiguratione_domini = 4204
in_visitatione_beatae_mariae_virginis = 4205
innocentium = 4206
ioachim_et_annae = 4207
ioannae_franciscae_de_chantal = 4208
ioannis = 4209
ioannis_a_cruce = 4210
ioannis_a_deo = 4211
ioannis_baptistae_de_la_salle = 4212
ioannis_bosco = 4213
ioannis_chrysostomi = 4214
ioannis_damasceni = 4215
ioannis_de_avila = 4216
ioannis_de_brebeuf_et_isaac_jogues_et_sociorum = 4217
ioannis_de_capestrano = 4218
ioannis_de_kety = 4219
ioannis_didaci_cuauhtlatoatzin = 4220
ioannis_eudes = 4221
ioannis_fisher_et_thomae_mori = 4222
ioannis_henrici_newman = 4223
ioannis_i = 4224
ioannis_leonardi = 4225
ioannis_mariae_vianney = 4226
ioannis_pauli_ii = 4227
ioannis_xxiii = 4228
iosaphat = 4229
ioseph_opificis = 4230
ioseph_sponsi_beatae_mariae_virginis = 4231
iosephi_de_calasanz = 4232
iosephinae_bakhitae = 4233
irenaei = 4234
isidori = 4235
iustini = 4236
laurentii = 4237
laurentii_de_brindisi = 4238
laurentii_ruiz_et_sociorum = 4239
leonis_magni = 4240
lucae = 4241
luciae = 4242
ludovici = 4243
ludovici_mariae_grignion_de_montfort = 4244
marcellini_et_petri = 4245
marci = 4246
margaritae_mariae_alacoque = 4247
margaritae_scotiae = 4248
mariae_goretti = 4249
mariae_magdalenae = 4250
mariae_magdalenae_de_pazzi = 4251
marthae_mariae_et_lazari = 4252
martini_de_porres = 4253
martini_i = 4254
martini_turonensis = 4255
matthaei = 4256
matthiae = 4257
maximiliani_mariae_kolbe = 4258
michaelis_gabrielis_et_raphaelis = 4259
monicae = 4260
nerei_et_achillei = 4261
nicolai = 4262
norberti = 4263
omnium_sanctorum = 4264
pancratii = 4265
patricii = 4266
pauli_a_cruce = 4267
pauli_miki_et_sociorum = 4268
pauli_vi = 4269
paulini_nolani = 4270
perpetuae_et_felicitatis = 4271
petri_canisii = 4272
petri_chanel = 4273
petri_chrysologi = 4274
petri_claver = 4275
petri_damiani = 4276
petri_et_pauli = 4277
petri_iuliani_eymard = 4278
philippi_et_iacobi = 4279
philippi_neri = 4280
pii_de_petrelcina = 4281
pii_v = 4282
pii_x = 4283
polycarpi = 4284
pontiani_et_hippolyti = 4285
protomartyrum_sanctae_romanae_ecclesiae = 4286
raimundi_de_penyafort = 4287
ritae_de_cascia = 4288
roberti_bellarmino = 4289
romualdi = 4290
rosae_de_lima = 4291
sabbato_infra_octavam_paschae = 66
sabbato_sancto = 67
sacratissimi_cordis_iesu = 4292
sanctae_dei_genetricis_mariae = 4293
sanctae_familiae_iesu_mariae_et_ioseph = 12294
sanctissimae_trinitatis = 4294
sanctissimi_corporis_et_sanguinis_christi = 4295
sanctissimi_nominis_iesu = 4296
sanctissimi_nominis_mariae = 4297
sarbelii_makhluf = 4298
scholasticae = 4299
sebastiani = 4300
septem_fundatorum_ordinis_servorum_beatae_mariae_virginis = 4301
silvestri_i = 4302
simonis_et_iudae = 4303
stanislai = 4304
stephani = 4305
stephani_hungariae = 4306
teresiae_a_iesu = 4307
teresiae_a_iesu_infante = 4308
teresiae_benedictae_a_cruce = 4309
teresiae_de_calcutta = 4310
thomae = 4311
thomae_becket = 4312
thomae_de_aquino = 4313
timothei_et_titi = 4314
turibii_de_mogrovejo = 4315
venceslai = 4316
vincentii = 4317
vincentii_de_paul = 4318
vincentii_ferrer = 4319
xysti_ii_et_sociorum = 4320

[tombstones]
"romanus/universale" = 68
